
Microsoft Visual Studio Solution File, Format Version 12.00
# Visual Studio Version 17
VisualStudioVersion = 17.0.31903.59
MinimumVisualStudioVersion = 10.0.40219.1
Project("{2150E333-8FDC-42A3-9474-1A3956D46DE8}") = "src", "src", "{BB7B834A-464F-4F81-A649-E63AA0C53C24}"
	ProjectSection(SolutionItems) = preProject
		src\Directory.Build.props = src\Directory.Build.props
	EndProjectSection
EndProject
Project("{2150E333-8FDC-42A3-9474-1A3956D46DE8}") = "tests", "tests", "{ED489DAA-351A-43F9-A3DF-7DBEBF7677CD}"
EndProject
Project("{9A19103F-16F7-4668-BE54-9A1E7A4F7556}") = "DashScope", "src\DashScope\DashScope.csproj", "{E90C91DB-12DD-44AA-9289-8537863A1B29}"
EndProject
Project("{2150E333-8FDC-42A3-9474-1A3956D46DE8}") = "Solution Items", "Solution Items", "{1A9F0379-EA06-42DE-B7AE-A86A4EF44616}"
	ProjectSection(SolutionItems) = preProject
		Directory.Build.props = Directory.Build.props
		Directory.Packages.props = Directory.Packages.props
	EndProjectSection
EndProject
Project("{9A19103F-16F7-4668-BE54-9A1E7A4F7556}") = "DashScope.UnitTests", "tests\DashScope.UnitTests\DashScope.UnitTests.csproj", "{837CD31F-A2EA-4379-B325-3A20285F7577}"
EndProject
Project("{2150E333-8FDC-42A3-9474-1A3956D46DE8}") = "samples", "samples", "{2FDFB5A9-FE06-4822-933E-5D1C6D9160C9}"
EndProject
Project("{9A19103F-16F7-4668-BE54-9A1E7A4F7556}") = "DashScope.Sample.Console", "samples\DashScope.Sample.Console\DashScope.Sample.Console.csproj", "{B3E7A1E3-22C3-4E26-84CF-F2ED278DD430}"
EndProject
Project("{9A19103F-16F7-4668-BE54-9A1E7A4F7556}") = "DashScope.SemanticKernel", "src\DashScope.SemanticKernel\DashScope.SemanticKernel.csproj", "{97AFD04A-8119-421D-B139-B1CC23E44A00}"
EndProject
Project("{9A19103F-16F7-4668-BE54-9A1E7A4F7556}") = "SK-DashScope.Sample", "samples\SK-DashScope.Sample\SK-DashScope.Sample.csproj", "{25642B93-E159-49DB-9D90-1C8E309F801C}"
EndProject
Project("{FAE04EC0-301F-11D3-BF4B-00C04F79EFBC}") = "DashScope.KernelMemory", "src\DashScope.KernelMemory\DashScope.KernelMemory.csproj", "{F1C65D44-DA5F-462E-BCAB-5DA0D1D1D501}"
EndProject
Project("{FAE04EC0-301F-11D3-BF4B-00C04F79EFBC}") = "DashScope.KernelMemory.Sample", "samples\DashScope.KernelMemory.Sample\DashScope.KernelMemory.Sample.csproj", "{A831DFFF-C778-4C39-8657-802C746BB692}"
EndProject
Global
	GlobalSection(SolutionConfigurationPlatforms) = preSolution
		Debug|Any CPU = Debug|Any CPU
		Release|Any CPU = Release|Any CPU
	EndGlobalSection
	GlobalSection(ProjectConfigurationPlatforms) = postSolution
		{E90C91DB-12DD-44AA-9289-8537863A1B29}.Debug|Any CPU.ActiveCfg = Debug|Any CPU
		{E90C91DB-12DD-44AA-9289-8537863A1B29}.Debug|Any CPU.Build.0 = Debug|Any CPU
		{E90C91DB-12DD-44AA-9289-8537863A1B29}.Release|Any CPU.ActiveCfg = Release|Any CPU
		{E90C91DB-12DD-44AA-9289-8537863A1B29}.Release|Any CPU.Build.0 = Release|Any CPU
		{837CD31F-A2EA-4379-B325-3A20285F7577}.Debug|Any CPU.ActiveCfg = Debug|Any CPU
		{837CD31F-A2EA-4379-B325-3A20285F7577}.Debug|Any CPU.Build.0 = Debug|Any CPU
		{837CD31F-A2EA-4379-B325-3A20285F7577}.Release|Any CPU.ActiveCfg = Release|Any CPU
		{837CD31F-A2EA-4379-B325-3A20285F7577}.Release|Any CPU.Build.0 = Release|Any CPU
		{B3E7A1E3-22C3-4E26-84CF-F2ED278DD430}.Debug|Any CPU.ActiveCfg = Debug|Any CPU
		{B3E7A1E3-22C3-4E26-84CF-F2ED278DD430}.Debug|Any CPU.Build.0 = Debug|Any CPU
		{B3E7A1E3-22C3-4E26-84CF-F2ED278DD430}.Release|Any CPU.ActiveCfg = Release|Any CPU
		{B3E7A1E3-22C3-4E26-84CF-F2ED278DD430}.Release|Any CPU.Build.0 = Release|Any CPU
		{97AFD04A-8119-421D-B139-B1CC23E44A00}.Debug|Any CPU.ActiveCfg = Debug|Any CPU
		{97AFD04A-8119-421D-B139-B1CC23E44A00}.Debug|Any CPU.Build.0 = Debug|Any CPU
		{97AFD04A-8119-421D-B139-B1CC23E44A00}.Release|Any CPU.ActiveCfg = Release|Any CPU
		{97AFD04A-8119-421D-B139-B1CC23E44A00}.Release|Any CPU.Build.0 = Release|Any CPU
		{25642B93-E159-49DB-9D90-1C8E309F801C}.Debug|Any CPU.ActiveCfg = Debug|Any CPU
		{25642B93-E159-49DB-9D90-1C8E309F801C}.Debug|Any CPU.Build.0 = Debug|Any CPU
		{25642B93-E159-49DB-9D90-1C8E309F801C}.Release|Any CPU.ActiveCfg = Release|Any CPU
		{25642B93-E159-49DB-9D90-1C8E309F801C}.Release|Any CPU.Build.0 = Release|Any CPU
		{F1C65D44-DA5F-462E-BCAB-5DA0D1D1D501}.Debug|Any CPU.ActiveCfg = Debug|Any CPU
		{F1C65D44-DA5F-462E-BCAB-5DA0D1D1D501}.Debug|Any CPU.Build.0 = Debug|Any CPU
		{F1C65D44-DA5F-462E-BCAB-5DA0D1D1D501}.Release|Any CPU.ActiveCfg = Release|Any CPU
		{F1C65D44-DA5F-462E-BCAB-5DA0D1D1D501}.Release|Any CPU.Build.0 = Release|Any CPU
		{A831DFFF-C778-4C39-8657-802C746BB692}.Debug|Any CPU.ActiveCfg = Debug|Any CPU
		{A831DFFF-C778-4C39-8657-802C746BB692}.Debug|Any CPU.Build.0 = Debug|Any CPU
		{A831DFFF-C778-4C39-8657-802C746BB692}.Release|Any CPU.ActiveCfg = Release|Any CPU
		{A831DFFF-C778-4C39-8657-802C746BB692}.Release|Any CPU.Build.0 = Release|Any CPU
	EndGlobalSection
	GlobalSection(SolutionProperties) = preSolution
		HideSolutionNode = FALSE
	EndGlobalSection
	GlobalSection(NestedProjects) = preSolution
		{E90C91DB-12DD-44AA-9289-8537863A1B29} = {BB7B834A-464F-4F81-A649-E63AA0C53C24}
		{837CD31F-A2EA-4379-B325-3A20285F7577} = {ED489DAA-351A-43F9-A3DF-7DBEBF7677CD}
		{B3E7A1E3-22C3-4E26-84CF-F2ED278DD430} = {2FDFB5A9-FE06-4822-933E-5D1C6D9160C9}
		{97AFD04A-8119-421D-B139-B1CC23E44A00} = {BB7B834A-464F-4F81-A649-E63AA0C53C24}
		{25642B93-E159-49DB-9D90-1C8E309F801C} = {2FDFB5A9-FE06-4822-933E-5D1C6D9160C9}
		{F1C65D44-DA5F-462E-BCAB-5DA0D1D1D501} = {BB7B834A-464F-4F81-A649-E63AA0C53C24}
		{A831DFFF-C778-4C39-8657-802C746BB692} = {2FDFB5A9-FE06-4822-933E-5D1C6D9160C9}
	EndGlobalSection
	GlobalSection(ExtensibilityGlobals) = postSolution
		SolutionGuid = {4DB8E739-7470-4879-9DCE-E9BACBA58715}
	EndGlobalSection
EndGlobal
